// !$*UTF8*$!
{
	archiveVersion = 1;
	classes = {
	};
	objectVersion = 56;
	objects = {

/* Begin PBXBuildFile section */
		6628EFA92B6D8E8A00E2298A /* RealityKitContent in Frameworks */ = {isa = PBXBuildFile; productRef = 6628EFA82B6D8E8A00E2298A /* RealityKitContent */; };
		6628EFAB2B6D8E8A00E2298A /* VisionOSTutorialApp.swift in Sources */ = {isa = PBXBuildFile; fileRef = 6628EFAA2B6D8E8A00E2298A /* VisionOSTutorialApp.swift */; };
		6628EFAD2B6D8E8A00E2298A /* ContentView.swift in Sources */ = {isa = PBXBuildFile; fileRef = 6628EFAC2B6D8E8A00E2298A /* ContentView.swift */; };
		6628EFAF2B6D8E8B00E2298A /* Assets.xcassets in Resources */ = {isa = PBXBuildFile; fileRef = 6628EFAE2B6D8E8B00E2298A /* Assets.xcassets */; };
		6628EFB22B6D8E8B00E2298A /* Preview Assets.xcassets in Resources */ = {isa = PBXBuildFile; fileRef = 6628EFB12B6D8E8B00E2298A /* Preview Assets.xcassets */; };
		6628EFBD2B6D8E8C00E2298A /* VisionOSTutorialTests.swift in Sources */ = {isa = PBXBuildFile; fileRef = 6628EFBC2B6D8E8C00E2298A /* VisionOSTutorialTests.swift */; };
		6628EFC72B6D956200E2298A /* ImmersiveView.swift in Sources */ = {isa = PBXBuildFile; fileRef = 6628EFC62B6D956200E2298A /* ImmersiveView.swift */; };
/* End PBXBuildFile section */

/* Begin PBXContainerItemProxy section */
		6628EFB92B6D8E8C00E2298A /* PBXContainerItemProxy */ = {
			isa = PBXContainerItemProxy;
			containerPortal = 6628EF9B2B6D8E8A00E2298A /* Project object */;
			proxyType = 1;
			remoteGlobalIDString = 6628EFA22B6D8E8A00E2298A;
			remoteInfo = VisionOSTutorial;
		};
/* End PBXContainerItemProxy section */

/* Begin PBXFileReference section */
		6628EFA32B6D8E8A00E2298A /* VisionOSTutorial.app */ = {isa = PBXFileReference; explicitFileType = wrapper.application; includeInIndex = 0; path = VisionOSTutorial.app; sourceTree = BUILT_PRODUCTS_DIR; };
		6628EFA72B6D8E8A00E2298A /* RealityKitContent */ = {isa = PBXFileReference; lastKnownFileType = wrapper; path = RealityKitContent; sourceTree = "<group>"; };
		6628EFAA2B6D8E8A00E2298A /* VisionOSTutorialApp.swift */ = {isa = PBXFileReference; lastKnownFileType = sourcecode.swift; path = VisionOSTutorialApp.swift; sourceTree = "<group>"; };
		6628EFAC2B6D8E8A00E2298A /* ContentView.swift */ = {isa = PBXFileReference; lastKnownFileType = sourcecode.swift; path = ContentView.swift; sourceTree = "<group>"; };
		6628EFAE2B6D8E8B00E2298A /* Assets.xcassets */ = {isa = PBXFileReference; lastKnownFileType = folder.assetcatalog; path = Assets.xcassets; sourceTree = "<group>"; };
		6628EFB12B6D8E8B00E2298A /* Preview Assets.xcassets */ = {isa = PBXFileReference; lastKnownFileType = folder.assetcatalog; path = "Preview Assets.xcassets"; sourceTree = "<group>"; };
		6628EFB32B6D8E8B00E2298A /* Info.plist */ = {isa = PBXFileReference; lastKnownFileType = text.plist.xml; path = Info.plist; sourceTree = "<group>"; };
		6628EFB82B6D8E8C00E2298A /* VisionOSTutorialTests.xctest */ = {isa = PBXFileReference; explicitFileType = wrapper.cfbundle; includeInIndex = 0; path = VisionOSTutorialTests.xctest; sourceTree = BUILT_PRODUCTS_DIR; };
		6628EFBC2B6D8E8C00E2298A /* VisionOSTutorialTests.swift */ = {isa = PBXFileReference; lastKnownFileType = sourcecode.swift; path = VisionOSTutorialTests.swift; sourceTree = "<group>"; };
		6628EFC62B6D956200E2298A /* ImmersiveView.swift */ = {isa = PBXFileReference; lastKnownFileType = sourcecode.swift; path = ImmersiveView.swift; sourceTree = "<group>"; };
/* End PBXFileReference section */

/* Begin PBXFrameworksBuildPhase section */
		6628EFA02B6D8E8A00E2298A /* Frameworks */ = {
			isa = PBXFrameworksBuildPhase;
			buildActionMask = 2147483647;
			files = (
				6628EFA92B6D8E8A00E2298A /* RealityKitContent in Frameworks */,
			);
			runOnlyForDeploymentPostprocessing = 0;
		};
		6628EFB52B6D8E8C00E2298A /* Frameworks */ = {
			isa = PBXFrameworksBuildPhase;
			buildActionMask = 2147483647;
			files = (
			);
			runOnlyForDeploymentPostprocessing = 0;
		};
/* End PBXFrameworksBuildPhase section */

/* Begin PBXGroup section */
		6628EF9A2B6D8E8A00E2298A = {
			isa = PBXGroup;
			children = (
				6628EFA52B6D8E8A00E2298A /* VisionOSTutorial */,
				6628EFA62B6D8E8A00E2298A /* Packages */,
				6628EFBB2B6D8E8C00E2298A /* VisionOSTutorialTests */,
				6628EFA42B6D8E8A00E2298A /* Products */,
			);
			sourceTree = "<group>";
		};
		6628EFA42B6D8E8A00E2298A /* Products */ = {
			isa = PBXGroup;
			children = (
				6628EFA32B6D8E8A00E2298A /* VisionOSTutorial.app */,
				6628EFB82B6D8E8C00E2298A /* VisionOSTutorialTests.xctest */,
			);
			name = Products;
			sourceTree = "<group>";
		};
		6628EFA52B6D8E8A00E2298A /* VisionOSTutorial */ = {
			isa = PBXGroup;
			children = (
				6628EFAA2B6D8E8A00E2298A /* VisionOSTutorialApp.swift */,
				6628EFC62B6D956200E2298A /* ImmersiveView.swift */,
				6628EFAC2B6D8E8A00E2298A /* ContentView.swift */,
				6628EFAE2B6D8E8B00E2298A /* Assets.xcassets */,
				6628EFB32B6D8E8B00E2298A /* Info.plist */,
				6628EFB02B6D8E8B00E2298A /* Preview Content */,
			);
			path = VisionOSTutorial;
			sourceTree = "<group>";
		};
		6628EFA62B6D8E8A00E2298A /* Packages */ = {
			isa = PBXGroup;
			children = (
				6628EFA72B6D8E8A00E2298A /* RealityKitContent */,
			);
			path = Packages;
			sourceTree = "<group>";
		};
		6628EFB02B6D8E8B00E2298A /* Preview Content */ = {
			isa = PBXGroup;
			children = (
				6628EFB12B6D8E8B00E2298A /* Preview Assets.xcassets */,
			);
			path = "Preview Content";
			sourceTree = "<group>";
		};
		6628EFBB2B6D8E8C00E2298A /* VisionOSTutorialTests */ = {
			isa = PBXGroup;
			children = (
				6628EFBC2B6D8E8C00E2298A /* VisionOSTutorialTests.swift */,
			);
			path = VisionOSTutorialTests;
			sourceTree = "<group>";
		};
/* End PBXGroup section */

/* Begin PBXNativeTarget section */
		6628EFA22B6D8E8A00E2298A /* VisionOSTutorial */ = {
			isa = PBXNativeTarget;
			buildConfigurationList = 6628EFC02B6D8E8C00E2298A /* Build configuration list for PBXNativeTarget "VisionOSTutorial" */;
			buildPhases = (
				6628EF9F2B6D8E8A00E2298A /* Sources */,
				6628EFA02B6D8E8A00E2298A /* Frameworks */,
				6628EFA12B6D8E8A00E2298A /* Resources */,
			);
			buildRules = (
			);
			dependencies = (
			);
			name = VisionOSTutorial;
			packageProductDependencies = (
				6628EFA82B6D8E8A00E2298A /* RealityKitContent */,
			);
			productName = VisionOSTutorial;
			productReference = 6628EFA32B6D8E8A00E2298A /* VisionOSTutorial.app */;
			productType = "com.apple.product-type.application";
		};
		6628EFB72B6D8E8C00E2298A /* VisionOSTutorialTests */ = {
			isa = PBXNativeTarget;
			buildConfigurationList = 6628EFC32B6D8E8C00E2298A /* Build configuration list for PBXNativeTarget "VisionOSTutorialTests" */;
			buildPhases = (
				6628EFB42B6D8E8C00E2298A /* Sources */,
				6628EFB52B6D8E8C00E2298A /* Frameworks */,
				6628EFB62B6D8E8C00E2298A /* Resources */,
			);
			buildRules = (
			);
			dependencies = (
				6628EFBA2B6D8E8C00E2298A /* PBXTargetDependency */,
			);
			name = VisionOSTutorialTests;
			productName = VisionOSTutorialTests;
			productReference = 6628EFB82B6D8E8C00E2298A /* VisionOSTutorialTests.xctest */;
			productType = "com.apple.product-type.bundle.unit-test";
		};
/* End PBXNativeTarget section */

/* Begin PBXProject section */
		6628EF9B2B6D8E8A00E2298A /* Project object */ = {
			isa = PBXProject;
			attributes = {
				BuildIndependentTargetsInParallel = 1;
				LastSwiftUpdateCheck = 1520;
				LastUpgradeCheck = 1520;
				TargetAttributes = {
					6628EFA22B6D8E8A00E2298A = {
						CreatedOnToolsVersion = 15.2;
					};
					6628EFB72B6D8E8C00E2298A = {
						CreatedOnToolsVersion = 15.2;
						TestTargetID = 6628EFA22B6D8E8A00E2298A;
					};
				};
			};
			buildConfigurationList = 6628EF9E2B6D8E8A00E2298A /* Build configuration list for PBXProject "VisionOSTutorial" */;
			compatibilityVersion = "Xcode 14.0";
			developmentRegion = en;
			hasScannedForEncodings = 0;
			knownRegions = (
				en,
				Base,
			);
			mainGroup = 6628EF9A2B6D8E8A00E2298A;
			productRefGroup = 6628EFA42B6D8E8A00E2298A /* Products */;
			projectDirPath = "";
			projectRoot = "";
			targets = (
				6628EFA22B6D8E8A00E2298A /* VisionOSTutorial */,
				6628EFB72B6D8E8C00E2298A /* VisionOSTutorialTests */,
			);
		};
/* End PBXProject section */

/* Begin PBXResourcesBuildPhase section */
		6628EFA12B6D8E8A00E2298A /* Resources */ = {
			isa = PBXResourcesBuildPhase;
			buildActionMask = 2147483647;
			files = (
				6628EFB22B6D8E8B00E2298A /* Preview Assets.xcassets in Resources */,
				6628EFAF2B6D8E8B00E2298A /* Assets.xcassets in Resources */,
			);
			runOnlyForDeploymentPostprocessing = 0;
		};
		6628EFB62B6D8E8C00E2298A /* Resources */ = {
			isa = PBXResourcesBuildPhase;
			buildActionMask = 2147483647;
			files = (
			);
			runOnlyForDeploymentPostprocessing = 0;
		};
/* End PBXResourcesBuildPhase section */

/* Begin PBXSourcesBuildPhase section */
		6628EF9F2B6D8E8A00E2298A /* Sources */ = {
			isa = PBXSourcesBuildPhase;
			buildActionMask = 2147483647;
			files = (
				6628EFC72B6D956200E2298A /* ImmersiveView.swift in Sources */,
				6628EFAD2B6D8E8A00E2298A /* ContentView.swift in Sources */,
				6628EFAB2B6D8E8A00E2298A /* VisionOSTutorialApp.swift in Sources */,
			);
			runOnlyForDeploymentPostprocessing = 0;
		};
		6628EFB42B6D8E8C00E2298A /* Sources */ = {
			isa = PBXSourcesBuildPhase;
			buildActionMask = 2147483647;
			files = (
				6628EFBD2B6D8E8C00E2298A /* VisionOSTutorialTests.swift in Sources */,
			);
			runOnlyForDeploymentPostprocessing = 0;
		};
/* End PBXSourcesBuildPhase section */

/* Begin PBXTargetDependency section */
		6628EFBA2B6D8E8C00E2298A /* PBXTargetDependency */ = {
			isa = PBXTargetDependency;
			target = 6628EFA22B6D8E8A00E2298A /* VisionOSTutorial */;
			targetProxy = 6628EFB92B6D8E8C00E2298A /* PBXContainerItemProxy */;
		};
/* End PBXTargetDependency section */

/* Begin XCBuildConfiguration section */
		6628EFBE2B6D8E8C00E2298A /* Debug */ = {
			isa = XCBuildConfiguration;
			buildSettings = {
				ALWAYS_SEARCH_USER_PATHS = NO;
				ASSETCATALOG_COMPILER_GENERATE_SWIFT_ASSET_SYMBOL_EXTENSIONS = YES;
				CLANG_ANALYZER_NONNULL = YES;
				CLANG_ANALYZER_NUMBER_OBJECT_CONVERSION = YES_AGGRESSIVE;
				CLANG_CXX_LANGUAGE_STANDARD = "gnu++20";
				CLANG_ENABLE_MODULES = YES;
				CLANG_ENABLE_OBJC_ARC = YES;
				CLANG_ENABLE_OBJC_WEAK = YES;
				CLANG_WARN_BLOCK_CAPTURE_AUTORELEASING = YES;
				CLANG_WARN_BOOL_CONVERSION = YES;
				CLANG_WARN_COMMA = YES;
				CLANG_WARN_CONSTANT_CONVERSION = YES;
				CLANG_WARN_DEPRECATED_OBJC_IMPLEMENTATIONS = YES;
				CLANG_WARN_DIRECT_OBJC_ISA_USAGE = YES_ERROR;
				CLANG_WARN_DOCUMENTATION_COMMENTS = YES;
				CLANG_WARN_EMPTY_BODY = YES;
				CLANG_WARN_ENUM_CONVERSION = YES;
				CLANG_WARN_INFINITE_RECURSION = YES;
				CLANG_WARN_INT_CONVERSION = YES;
				CLANG_WARN_NON_LITERAL_NULL_CONVERSION = YES;
				CLANG_WARN_OBJC_IMPLICIT_RETAIN_SELF = YES;
				CLANG_WARN_OBJC_LITERAL_CONVERSION = YES;
				CLANG_WARN_OBJC_ROOT_CLASS = YES_ERROR;
				CLANG_WARN_QUOTED_INCLUDE_IN_FRAMEWORK_HEADER = YES;
				CLANG_WARN_RANGE_LOOP_ANALYSIS = YES;
				CLANG_WARN_STRICT_PROTOTYPES = YES;
				CLANG_WARN_SUSPICIOUS_MOVE = YES;
				CLANG_WARN_UNGUARDED_AVAILABILITY = YES_AGGRESSIVE;
				CLANG_WARN_UNREACHABLE_CODE = YES;
				CLANG_WARN__DUPLICATE_METHOD_MATCH = YES;
				COPY_PHASE_STRIP = NO;
				DEBUG_INFORMATION_FORMAT = dwarf;
				ENABLE_STRICT_OBJC_MSGSEND = YES;
				ENABLE_TESTABILITY = YES;
				ENABLE_USER_SCRIPT_SANDBOXING = YES;
				GCC_C_LANGUAGE_STANDARD = gnu17;
				GCC_DYNAMIC_NO_PIC = NO;
				GCC_NO_COMMON_BLOCKS = YES;
				GCC_OPTIMIZATION_LEVEL = 0;
				GCC_PREPROCESSOR_DEFINITIONS = (
					"DEBUG=1",
					"$(inherited)",
				);
				GCC_WARN_64_TO_32_BIT_CONVERSION = YES;
				GCC_WARN_ABOUT_RETURN_TYPE = YES_ERROR;
				GCC_WARN_UNDECLARED_SELECTOR = YES;
				GCC_WARN_UNINITIALIZED_AUTOS = YES_AGGRESSIVE;
				GCC_WARN_UNUSED_FUNCTION = YES;
				GCC_WARN_UNUSED_VARIABLE = YES;
				LOCALIZATION_PREFERS_STRING_CATALOGS = YES;
				MTL_ENABLE_DEBUG_INFO = INCLUDE_SOURCE;
				MTL_FAST_MATH = YES;
				ONLY_ACTIVE_ARCH = YES;
				SDKROOT = xros;
				SWIFT_ACTIVE_COMPILATION_CONDITIONS = "DEBUG $(inherited)";
				SWIFT_OPTIMIZATION_LEVEL = "-Onone";
				XROS_DEPLOYMENT_TARGET = 1.0;
			};
			name = Debug;
		};
		6628EFBF2B6D8E8C00E2298A /* Release */ = {
			isa = XCBuildConfiguration;
			buildSettings = {
				ALWAYS_SEARCH_USER_PATHS = NO;
				ASSETCATALOG_COMPILER_GENERATE_SWIFT_ASSET_SYMBOL_EXTENSIONS = YES;
				CLANG_ANALYZER_NONNULL = YES;
				CLANG_ANALYZER_NUMBER_OBJECT_CONVERSION = YES_AGGRESSIVE;
				CLANG_CXX_LANGUAGE_STANDARD = "gnu++20";
				CLANG_ENABLE_MODULES = YES;
				CLANG_ENABLE_OBJC_ARC = YES;
				CLANG_ENABLE_OBJC_WEAK = YES;
				CLANG_WARN_BLOCK_CAPTURE_AUTORELEASING = YES;
				CLANG_WARN_BOOL_CONVERSION = YES;
				CLANG_WARN_COMMA = YES;
				CLANG_WARN_CONSTANT_CONVERSION = YES;
				CLANG_WARN_DEPRECATED_OBJC_IMPLEMENTATIONS = YES;
				CLANG_WARN_DIRECT_OBJC_ISA_USAGE = YES_ERROR;
				CLANG_WARN_DOCUMENTATION_COMMENTS = YES;
				CLANG_WARN_EMPTY_BODY = YES;
				CLANG_WARN_ENUM_CONVERSION = YES;
				CLANG_WARN_INFINITE_RECURSION = YES;
				CLANG_WARN_INT_CONVERSION = YES;
				CLANG_WARN_NON_LITERAL_NULL_CONVERSION = YES;
				CLANG_WARN_OBJC_IMPLICIT_RETAIN_SELF = YES;
				CLANG_WARN_OBJC_LITERAL_CONVERSION = YES;
				CLANG_WARN_OBJC_ROOT_CLASS = YES_ERROR;
				CLANG_WARN_QUOTED_INCLUDE_IN_FRAMEWORK_HEADER = YES;
				CLANG_WARN_RANGE_LOOP_ANALYSIS = YES;
				CLANG_WARN_STRICT_PROTOTYPES = YES;
				CLANG_WARN_SUSPICIOUS_MOVE = YES;
				CLANG_WARN_UNGUARDED_AVAILABILITY = YES_AGGRESSIVE;
				CLANG_WARN_UNREACHABLE_CODE = YES;
				CLANG_WARN__DUPLICATE_METHOD_MATCH = YES;
				COPY_PHASE_STRIP = NO;
				DEBUG_INFORMATION_FORMAT = "dwarf-with-dsym";
				ENABLE_NS_ASSERTIONS = NO;
				ENABLE_STRICT_OBJC_MSGSEND = YES;
				ENABLE_USER_SCRIPT_SANDBOXING = YES;
				GCC_C_LANGUAGE_STANDARD = gnu17;
				GCC_NO_COMMON_BLOCKS = YES;
				GCC_WARN_64_TO_32_BIT_CONVERSION = YES;
				GCC_WARN_ABOUT_RETURN_TYPE = YES_ERROR;
				GCC_WARN_UNDECLARED_SELECTOR = YES;
				GCC_WARN_UNINITIALIZED_AUTOS = YES_AGGRESSIVE;
				GCC_WARN_UNUSED_FUNCTION = YES;
				GCC_WARN_UNUSED_VARIABLE = YES;
				LOCALIZATION_PREFERS_STRING_CATALOGS = YES;
				MTL_ENABLE_DEBUG_INFO = NO;
				MTL_FAST_MATH = YES;
				SDKROOT = xros;
				SWIFT_COMPILATION_MODE = wholemodule;
				VALIDATE_PRODUCT = YES;
				XROS_DEPLOYMENT_TARGET = 1.0;
			};
			name = Release;
		};
		6628EFC12B6D8E8C00E2298A /* Debug */ = {
			isa = XCBuildConfiguration;
			buildSettings = {
				ASSETCATALOG_COMPILER_APPICON_NAME = AppIcon;
				ASSETCATALOG_COMPILER_GLOBAL_ACCENT_COLOR_NAME = AccentColor;
				CODE_SIGN_STYLE = Automatic;
				CURRENT_PROJECT_VERSION = 1;
				DEVELOPMENT_ASSET_PATHS = "\"VisionOSTutorial/Preview Content\"";
				ENABLE_PREVIEWS = YES;
				GENERATE_INFOPLIST_FILE = YES;
				INFOPLIST_FILE = "$(TARGET_NAME)/Info.plist";
				LD_RUNPATH_SEARCH_PATHS = (
					"$(inherited)",
					"@executable_path/Frameworks",
				);
				MARKETING_VERSION = 1.0;
				PRODUCT_BUNDLE_IDENTIFIER = CarsonMcMahan.VisionOSTutorial;
				PRODUCT_NAME = "$(TARGET_NAME)";
				SUPPORTED_PLATFORMS = "xros xrsimulator";
				SWIFT_EMIT_LOC_STRINGS = YES;
				SWIFT_VERSION = 5.0;
				TARGETED_DEVICE_FAMILY = "1,2,7";
			};
			name = Debug;
		};
		6628EFC22B6D8E8C00E2298A /* Release */ = {
			isa = XCBuildConfiguration;
			buildSettings = {
				ASSETCATALOG_COMPILER_APPICON_NAME = AppIcon;
				ASSETCATALOG_COMPILER_GLOBAL_ACCENT_COLOR_NAME = AccentColor;
				CODE_SIGN_STYLE = Automatic;
				CURRENT_PROJECT_VERSION = 1;
				DEVELOPMENT_ASSET_PATHS = "\"VisionOSTutorial/Preview Content\"";
				ENABLE_PREVIEWS = YES;
				GENERATE_INFOPLIST_FILE = YES;
				INFOPLIST_FILE = "$(TARGET_NAME)/Info.plist";
				LD_RUNPATH_SEARCH_PATHS = (
					"$(inherited)",
					"@executable_path/Frameworks",
				);
				MARKETING_VERSION = 1.0;
				PRODUCT_BUNDLE_IDENTIFIER = CarsonMcMahan.VisionOSTutorial;
				PRODUCT_NAME = "$(TARGET_NAME)";
				SUPPORTED_PLATFORMS = "xros xrsimulator";
				SWIFT_EMIT_LOC_STRINGS = YES;
				SWIFT_VERSION = 5.0;
				TARGETED_DEVICE_FAMILY = "1,2,7";
			};
			name = Release;
		};
		6628EFC42B6D8E8C00E2298A /* Debug */ = {
			isa = XCBuildConfiguration;
			buildSettings = {
				ALWAYS_EMBED_SWIFT_STANDARD_LIBRARIES = YES;
				BUNDLE_LOADER = "$(TEST_HOST)";
				CODE_SIGN_STYLE = Automatic;
				CURRENT_PROJECT_VERSION = 1;
				GENERATE_INFOPLIST_FILE = YES;
				MARKETING_VERSION = 1.0;
				PRODUCT_BUNDLE_IDENTIFIER = CarsonMcMahan.VisionOSTutorialTests;
				PRODUCT_NAME = "$(TARGET_NAME)";
				SUPPORTED_PLATFORMS = "xros xrsimulator";
				SWIFT_EMIT_LOC_STRINGS = NO;
				SWIFT_VERSION = 5.0;
				TARGETED_DEVICE_FAMILY = "1,2,7";
				TEST_HOST = "$(BUILT_PRODUCTS_DIR)/VisionOSTutorial.app/$(BUNDLE_EXECUTABLE_FOLDER_PATH)/VisionOSTutorial";
				XROS_DEPLOYMENT_TARGET = 1.0;
			};
			name = Debug;
		};
		6628EFC52B6D8E8C00E2298A /* Release */ = {
			isa = XCBuildConfiguration;
			buildSettings = {
				ALWAYS_EMBED_SWIFT_STANDARD_LIBRARIES = YES;
				BUNDLE_LOADER = "$(TEST_HOST)";
				CODE_SIGN_STYLE = Automatic;
				CURRENT_PROJECT_VERSION = 1;
				GENERATE_INFOPLIST_FILE = YES;
				MARKETING_VERSION = 1.0;
				PRODUCT_BUNDLE_IDENTIFIER = CarsonMcMahan.VisionOSTutorialTests;
				PRODUCT_NAME = "$(TARGET_NAME)";
				SUPPORTED_PLATFORMS = "xros xrsimulator";
				SWIFT_EMIT_LOC_STRINGS = NO;
				SWIFT_VERSION = 5.0;
				TARGETED_DEVICE_FAMILY = "1,2,7";
				TEST_HOST = "$(BUILT_PRODUCTS_DIR)/VisionOSTutorial.app/$(BUNDLE_EXECUTABLE_FOLDER_PATH)/VisionOSTutorial";
				XROS_DEPLOYMENT_TARGET = 1.0;
			};
			name = Release;
		};
/* End XCBuildConfiguration section */

/* Begin XCConfigurationList section */
		6628EF9E2B6D8E8A00E2298A /* Build configuration list for PBXProject "VisionOSTutorial" */ = {
			isa = XCConfigurationList;
			buildConfigurations = (
				6628EFBE2B6D8E8C00E2298A /* Debug */,
				6628EFBF2B6D8E8C00E2298A /* Release */,
			);
			defaultConfigurationIsVisible = 0;
			defaultConfigurationName = Release;
		};
		6628EFC02B6D8E8C00E2298A /* Build configuration list for PBXNativeTarget "VisionOSTutorial" */ = {
			isa = XCConfigurationList;
			buildConfigurations = (
				6628EFC12B6D8E8C00E2298A /* Debug */,
				6628EFC22B6D8E8C00E2298A /* Release */,
			);
			defaultConfigurationIsVisible = 0;
			defaultConfigurationName = Release;
		};
		6628EFC32B6D8E8C00E2298A /* Build configuration list for PBXNativeTarget "VisionOSTutorialTests" */ = {
			isa = XCConfigurationList;
			buildConfigurations = (
				6628EFC42B6D8E8C00E2298A /* Debug */,
				6628EFC52B6D8E8C00E2298A /* Release */,
			);
			defaultConfigurationIsVisible = 0;
			defaultConfigurationName = Release;
		};
/* End XCConfigurationList section */

/* Begin XCSwiftPackageProductDependency section */
		6628EFA82B6D8E8A00E2298A /* RealityKitContent */ = {
			isa = XCSwiftPackageProductDependency;
			productName = RealityKitContent;
		};
/* End XCSwiftPackageProductDependency section */
	};
	rootObject = 6628EF9B2B6D8E8A00E2298A /* Project object */;
}
