// !$*UTF8*$!
{
	archiveVersion = 1;
	classes = {
	};
	objectVersion = 56;
	objects = {

/* Begin PBXBuildFile section */
		667F38242B5EF1AD00643BA8 /* Week_Three_SwiftUI_TutorialApp.swift in Sources */ = {isa = PBXBuildFile; fileRef = 667F38232B5EF1AD00643BA8 /* Week_Three_SwiftUI_TutorialApp.swift */; };
		667F38262B5EF1AD00643BA8 /* ContentView.swift in Sources */ = {isa = PBXBuildFile; fileRef = 667F38252B5EF1AD00643BA8 /* ContentView.swift */; };
		667F38282B5EF1C000643BA8 /* Assets.xcassets in Resources */ = {isa = PBXBuildFile; fileRef = 667F38272B5EF1C000643BA8 /* Assets.xcassets */; };
		667F382B2B5EF1C000643BA8 /* Preview Assets.xcassets in Resources */ = {isa = PBXBuildFile; fileRef = 667F382A2B5EF1C000643BA8 /* Preview Assets.xcassets */; };
		667F38352B5EF1C100643BA8 /* Week_Three_SwiftUI_TutorialTests.swift in Sources */ = {isa = PBXBuildFile; fileRef = 667F38342B5EF1C100643BA8 /* Week_Three_SwiftUI_TutorialTests.swift */; };
		667F383F2B5EF1C100643BA8 /* Week_Three_SwiftUI_TutorialUITests.swift in Sources */ = {isa = PBXBuildFile; fileRef = 667F383E2B5EF1C100643BA8 /* Week_Three_SwiftUI_TutorialUITests.swift */; };
		667F38412B5EF1C100643BA8 /* Week_Three_SwiftUI_TutorialUITestsLaunchTests.swift in Sources */ = {isa = PBXBuildFile; fileRef = 667F38402B5EF1C100643BA8 /* Week_Three_SwiftUI_TutorialUITestsLaunchTests.swift */; };
/* End PBXBuildFile section */

/* Begin PBXContainerItemProxy section */
		667F38312B5EF1C100643BA8 /* PBXContainerItemProxy */ = {
			isa = PBXContainerItemProxy;
			containerPortal = 667F38182B5EF1AD00643BA8 /* Project object */;
			proxyType = 1;
			remoteGlobalIDString = 667F381F2B5EF1AD00643BA8;
			remoteInfo = "Week Three SwiftUI Tutorial";
		};
		667F383B2B5EF1C100643BA8 /* PBXContainerItemProxy */ = {
			isa = PBXContainerItemProxy;
			containerPortal = 667F38182B5EF1AD00643BA8 /* Project object */;
			proxyType = 1;
			remoteGlobalIDString = 667F381F2B5EF1AD00643BA8;
			remoteInfo = "Week Three SwiftUI Tutorial";
		};
/* End PBXContainerItemProxy section */

/* Begin PBXFileReference section */
		667F38202B5EF1AD00643BA8 /* Week Three SwiftUI Tutorial.app */ = {isa = PBXFileReference; explicitFileType = wrapper.application; includeInIndex = 0; path = "Week Three SwiftUI Tutorial.app"; sourceTree = BUILT_PRODUCTS_DIR; };
		667F38232B5EF1AD00643BA8 /* Week_Three_SwiftUI_TutorialApp.swift */ = {isa = PBXFileReference; lastKnownFileType = sourcecode.swift; path = Week_Three_SwiftUI_TutorialApp.swift; sourceTree = "<group>"; };
		667F38252B5EF1AD00643BA8 /* ContentView.swift */ = {isa = PBXFileReference; lastKnownFileType = sourcecode.swift; path = ContentView.swift; sourceTree = "<group>"; };
		667F38272B5EF1C000643BA8 /* Assets.xcassets */ = {isa = PBXFileReference; lastKnownFileType = folder.assetcatalog; path = Assets.xcassets; sourceTree = "<group>"; };
		667F382A2B5EF1C000643BA8 /* Preview Assets.xcassets */ = {isa = PBXFileReference; lastKnownFileType = folder.assetcatalog; path = "Preview Assets.xcassets"; sourceTree = "<group>"; };
		667F38302B5EF1C100643BA8 /* Week Three SwiftUI TutorialTests.xctest */ = {isa = PBXFileReference; explicitFileType = wrapper.cfbundle; includeInIndex = 0; path = "Week Three SwiftUI TutorialTests.xctest"; sourceTree = BUILT_PRODUCTS_DIR; };
		667F38342B5EF1C100643BA8 /* Week_Three_SwiftUI_TutorialTests.swift */ = {isa = PBXFileReference; lastKnownFileType = sourcecode.swift; path = Week_Three_SwiftUI_TutorialTests.swift; sourceTree = "<group>"; };
		667F383A2B5EF1C100643BA8 /* Week Three SwiftUI TutorialUITests.xctest */ = {isa = PBXFileReference; explicitFileType = wrapper.cfbundle; includeInIndex = 0; path = "Week Three SwiftUI TutorialUITests.xctest"; sourceTree = BUILT_PRODUCTS_DIR; };
		667F383E2B5EF1C100643BA8 /* Week_Three_SwiftUI_TutorialUITests.swift */ = {isa = PBXFileReference; lastKnownFileType = sourcecode.swift; path = Week_Three_SwiftUI_TutorialUITests.swift; sourceTree = "<group>"; };
		667F38402B5EF1C100643BA8 /* Week_Three_SwiftUI_TutorialUITestsLaunchTests.swift */ = {isa = PBXFileReference; lastKnownFileType = sourcecode.swift; path = Week_Three_SwiftUI_TutorialUITestsLaunchTests.swift; sourceTree = "<group>"; };
/* End PBXFileReference section */

/* Begin PBXFrameworksBuildPhase section */
		667F381D2B5EF1AD00643BA8 /* Frameworks */ = {
			isa = PBXFrameworksBuildPhase;
			buildActionMask = 2147483647;
			files = (
			);
			runOnlyForDeploymentPostprocessing = 0;
		};
		667F382D2B5EF1C100643BA8 /* Frameworks */ = {
			isa = PBXFrameworksBuildPhase;
			buildActionMask = 2147483647;
			files = (
			);
			runOnlyForDeploymentPostprocessing = 0;
		};
		667F38372B5EF1C100643BA8 /* Frameworks */ = {
			isa = PBXFrameworksBuildPhase;
			buildActionMask = 2147483647;
			files = (
			);
			runOnlyForDeploymentPostprocessing = 0;
		};
/* End PBXFrameworksBuildPhase section */

/* Begin PBXGroup section */
		667F38172B5EF1AD00643BA8 = {
			isa = PBXGroup;
			children = (
				667F38222B5EF1AD00643BA8 /* Week Three SwiftUI Tutorial */,
				667F38332B5EF1C100643BA8 /* Week Three SwiftUI TutorialTests */,
				667F383D2B5EF1C100643BA8 /* Week Three SwiftUI TutorialUITests */,
				667F38212B5EF1AD00643BA8 /* Products */,
			);
			sourceTree = "<group>";
		};
		667F38212B5EF1AD00643BA8 /* Products */ = {
			isa = PBXGroup;
			children = (
				667F38202B5EF1AD00643BA8 /* Week Three SwiftUI Tutorial.app */,
				667F38302B5EF1C100643BA8 /* Week Three SwiftUI TutorialTests.xctest */,
				667F383A2B5EF1C100643BA8 /* Week Three SwiftUI TutorialUITests.xctest */,
			);
			name = Products;
			sourceTree = "<group>";
		};
		667F38222B5EF1AD00643BA8 /* Week Three SwiftUI Tutorial */ = {
			isa = PBXGroup;
			children = (
				667F38232B5EF1AD00643BA8 /* Week_Three_SwiftUI_TutorialApp.swift */,
				667F38252B5EF1AD00643BA8 /* ContentView.swift */,
				667F38272B5EF1C000643BA8 /* Assets.xcassets */,
				667F38292B5EF1C000643BA8 /* Preview Content */,
			);
			path = "Week Three SwiftUI Tutorial";
			sourceTree = "<group>";
		};
		667F38292B5EF1C000643BA8 /* Preview Content */ = {
			isa = PBXGroup;
			children = (
				667F382A2B5EF1C000643BA8 /* Preview Assets.xcassets */,
			);
			path = "Preview Content";
			sourceTree = "<group>";
		};
		667F38332B5EF1C100643BA8 /* Week Three SwiftUI TutorialTests */ = {
			isa = PBXGroup;
			children = (
				667F38342B5EF1C100643BA8 /* Week_Three_SwiftUI_TutorialTests.swift */,
			);
			path = "Week Three SwiftUI TutorialTests";
			sourceTree = "<group>";
		};
		667F383D2B5EF1C100643BA8 /* Week Three SwiftUI TutorialUITests */ = {
			isa = PBXGroup;
			children = (
				667F383E2B5EF1C100643BA8 /* Week_Three_SwiftUI_TutorialUITests.swift */,
				667F38402B5EF1C100643BA8 /* Week_Three_SwiftUI_TutorialUITestsLaunchTests.swift */,
			);
			path = "Week Three SwiftUI TutorialUITests";
			sourceTree = "<group>";
		};
/* End PBXGroup section */

/* Begin PBXNativeTarget section */
		667F381F2B5EF1AD00643BA8 /* Week Three SwiftUI Tutorial */ = {
			isa = PBXNativeTarget;
			buildConfigurationList = 667F38442B5EF1C100643BA8 /* Build configuration list for PBXNativeTarget "Week Three SwiftUI Tutorial" */;
			buildPhases = (
				667F381C2B5EF1AD00643BA8 /* Sources */,
				667F381D2B5EF1AD00643BA8 /* Frameworks */,
				667F381E2B5EF1AD00643BA8 /* Resources */,
			);
			buildRules = (
			);
			dependencies = (
			);
			name = "Week Three SwiftUI Tutorial";
			productName = "Week Three SwiftUI Tutorial";
			productReference = 667F38202B5EF1AD00643BA8 /* Week Three SwiftUI Tutorial.app */;
			productType = "com.apple.product-type.application";
		};
		667F382F2B5EF1C100643BA8 /* Week Three SwiftUI TutorialTests */ = {
			isa = PBXNativeTarget;
			buildConfigurationList = 667F38472B5EF1C100643BA8 /* Build configuration list for PBXNativeTarget "Week Three SwiftUI TutorialTests" */;
			buildPhases = (
				667F382C2B5EF1C100643BA8 /* Sources */,
				667F382D2B5EF1C100643BA8 /* Frameworks */,
				667F382E2B5EF1C100643BA8 /* Resources */,
			);
			buildRules = (
			);
			dependencies = (
				667F38322B5EF1C100643BA8 /* PBXTargetDependency */,
			);
			name = "Week Three SwiftUI TutorialTests";
			productName = "Week Three SwiftUI TutorialTests";
			productReference = 667F38302B5EF1C100643BA8 /* Week Three SwiftUI TutorialTests.xctest */;
			productType = "com.apple.product-type.bundle.unit-test";
		};
		667F38392B5EF1C100643BA8 /* Week Three SwiftUI TutorialUITests */ = {
			isa = PBXNativeTarget;
			buildConfigurationList = 667F384A2B5EF1C100643BA8 /* Build configuration list for PBXNativeTarget "Week Three SwiftUI TutorialUITests" */;
			buildPhases = (
				667F38362B5EF1C100643BA8 /* Sources */,
				667F38372B5EF1C100643BA8 /* Frameworks */,
				667F38382B5EF1C100643BA8 /* Resources */,
			);
			buildRules = (
			);
			dependencies = (
				667F383C2B5EF1C100643BA8 /* PBXTargetDependency */,
			);
			name = "Week Three SwiftUI TutorialUITests";
			productName = "Week Three SwiftUI TutorialUITests";
			productReference = 667F383A2B5EF1C100643BA8 /* Week Three SwiftUI TutorialUITests.xctest */;
			productType = "com.apple.product-type.bundle.ui-testing";
		};
/* End PBXNativeTarget section */

/* Begin PBXProject section */
		667F38182B5EF1AD00643BA8 /* Project object */ = {
			isa = PBXProject;
			attributes = {
				BuildIndependentTargetsInParallel = 1;
				LastSwiftUpdateCheck = 1430;
				LastUpgradeCheck = 1430;
				TargetAttributes = {
					667F381F2B5EF1AD00643BA8 = {
						CreatedOnToolsVersion = 14.3.1;
					};
					667F382F2B5EF1C100643BA8 = {
						CreatedOnToolsVersion = 14.3.1;
						TestTargetID = 667F381F2B5EF1AD00643BA8;
					};
					667F38392B5EF1C100643BA8 = {
						CreatedOnToolsVersion = 14.3.1;
						TestTargetID = 667F381F2B5EF1AD00643BA8;
					};
				};
			};
			buildConfigurationList = 667F381B2B5EF1AD00643BA8 /* Build configuration list for PBXProject "Week Three SwiftUI Tutorial" */;
			compatibilityVersion = "Xcode 14.0";
			developmentRegion = en;
			hasScannedForEncodings = 0;
			knownRegions = (
				en,
				Base,
			);
			mainGroup = 667F38172B5EF1AD00643BA8;
			productRefGroup = 667F38212B5EF1AD00643BA8 /* Products */;
			projectDirPath = "";
			projectRoot = "";
			targets = (
				667F381F2B5EF1AD00643BA8 /* Week Three SwiftUI Tutorial */,
				667F382F2B5EF1C100643BA8 /* Week Three SwiftUI TutorialTests */,
				667F38392B5EF1C100643BA8 /* Week Three SwiftUI TutorialUITests */,
			);
		};
/* End PBXProject section */

/* Begin PBXResourcesBuildPhase section */
		667F381E2B5EF1AD00643BA8 /* Resources */ = {
			isa = PBXResourcesBuildPhase;
			buildActionMask = 2147483647;
			files = (
				667F382B2B5EF1C000643BA8 /* Preview Assets.xcassets in Resources */,
				667F38282B5EF1C000643BA8 /* Assets.xcassets in Resources */,
			);
			runOnlyForDeploymentPostprocessing = 0;
		};
		667F382E2B5EF1C100643BA8 /* Resources */ = {
			isa = PBXResourcesBuildPhase;
			buildActionMask = 2147483647;
			files = (
			);
			runOnlyForDeploymentPostprocessing = 0;
		};
		667F38382B5EF1C100643BA8 /* Resources */ = {
			isa = PBXResourcesBuildPhase;
			buildActionMask = 2147483647;
			files = (
			);
			runOnlyForDeploymentPostprocessing = 0;
		};
/* End PBXResourcesBuildPhase section */

/* Begin PBXSourcesBuildPhase section */
		667F381C2B5EF1AD00643BA8 /* Sources */ = {
			isa = PBXSourcesBuildPhase;
			buildActionMask = 2147483647;
			files = (
				667F38262B5EF1AD00643BA8 /* ContentView.swift in Sources */,
				667F38242B5EF1AD00643BA8 /* Week_Three_SwiftUI_TutorialApp.swift in Sources */,
			);
			runOnlyForDeploymentPostprocessing = 0;
		};
		667F382C2B5EF1C100643BA8 /* Sources */ = {
			isa = PBXSourcesBuildPhase;
			buildActionMask = 2147483647;
			files = (
				667F38352B5EF1C100643BA8 /* Week_Three_SwiftUI_TutorialTests.swift in Sources */,
			);
			runOnlyForDeploymentPostprocessing = 0;
		};
		667F38362B5EF1C100643BA8 /* Sources */ = {
			isa = PBXSourcesBuildPhase;
			buildActionMask = 2147483647;
			files = (
				667F383F2B5EF1C100643BA8 /* Week_Three_SwiftUI_TutorialUITests.swift in Sources */,
				667F38412B5EF1C100643BA8 /* Week_Three_SwiftUI_TutorialUITestsLaunchTests.swift in Sources */,
			);
			runOnlyForDeploymentPostprocessing = 0;
		};
/* End PBXSourcesBuildPhase section */

/* Begin PBXTargetDependency section */
		667F38322B5EF1C100643BA8 /* PBXTargetDependency */ = {
			isa = PBXTargetDependency;
			target = 667F381F2B5EF1AD00643BA8 /* Week Three SwiftUI Tutorial */;
			targetProxy = 667F38312B5EF1C100643BA8 /* PBXContainerItemProxy */;
		};
		667F383C2B5EF1C100643BA8 /* PBXTargetDependency */ = {
			isa = PBXTargetDependency;
			target = 667F381F2B5EF1AD00643BA8 /* Week Three SwiftUI Tutorial */;
			targetProxy = 667F383B2B5EF1C100643BA8 /* PBXContainerItemProxy */;
		};
/* End PBXTargetDependency section */

/* Begin XCBuildConfiguration section */
		667F38422B5EF1C100643BA8 /* Debug */ = {
			isa = XCBuildConfiguration;
			buildSettings = {
				ALWAYS_SEARCH_USER_PATHS = NO;
				CLANG_ANALYZER_NONNULL = YES;
				CLANG_ANALYZER_NUMBER_OBJECT_CONVERSION = YES_AGGRESSIVE;
				CLANG_CXX_LANGUAGE_STANDARD = "gnu++20";
				CLANG_ENABLE_MODULES = YES;
				CLANG_ENABLE_OBJC_ARC = YES;
				CLANG_ENABLE_OBJC_WEAK = YES;
				CLANG_WARN_BLOCK_CAPTURE_AUTORELEASING = YES;
				CLANG_WARN_BOOL_CONVERSION = YES;
				CLANG_WARN_COMMA = YES;
				CLANG_WARN_CONSTANT_CONVERSION = YES;
				CLANG_WARN_DEPRECATED_OBJC_IMPLEMENTATIONS = YES;
				CLANG_WARN_DIRECT_OBJC_ISA_USAGE = YES_ERROR;
				CLANG_WARN_DOCUMENTATION_COMMENTS = YES;
				CLANG_WARN_EMPTY_BODY = YES;
				CLANG_WARN_ENUM_CONVERSION = YES;
				CLANG_WARN_INFINITE_RECURSION = YES;
				CLANG_WARN_INT_CONVERSION = YES;
				CLANG_WARN_NON_LITERAL_NULL_CONVERSION = YES;
				CLANG_WARN_OBJC_IMPLICIT_RETAIN_SELF = YES;
				CLANG_WARN_OBJC_LITERAL_CONVERSION = YES;
				CLANG_WARN_OBJC_ROOT_CLASS = YES_ERROR;
				CLANG_WARN_QUOTED_INCLUDE_IN_FRAMEWORK_HEADER = YES;
				CLANG_WARN_RANGE_LOOP_ANALYSIS = YES;
				CLANG_WARN_STRICT_PROTOTYPES = YES;
				CLANG_WARN_SUSPICIOUS_MOVE = YES;
				CLANG_WARN_UNGUARDED_AVAILABILITY = YES_AGGRESSIVE;
				CLANG_WARN_UNREACHABLE_CODE = YES;
				CLANG_WARN__DUPLICATE_METHOD_MATCH = YES;
				COPY_PHASE_STRIP = NO;
				DEBUG_INFORMATION_FORMAT = dwarf;
				ENABLE_STRICT_OBJC_MSGSEND = YES;
				ENABLE_TESTABILITY = YES;
				GCC_C_LANGUAGE_STANDARD = gnu11;
				GCC_DYNAMIC_NO_PIC = NO;
				GCC_NO_COMMON_BLOCKS = YES;
				GCC_OPTIMIZATION_LEVEL = 0;
				GCC_PREPROCESSOR_DEFINITIONS = (
					"DEBUG=1",
					"$(inherited)",
				);
				GCC_WARN_64_TO_32_BIT_CONVERSION = YES;
				GCC_WARN_ABOUT_RETURN_TYPE = YES_ERROR;
				GCC_WARN_UNDECLARED_SELECTOR = YES;
				GCC_WARN_UNINITIALIZED_AUTOS = YES_AGGRESSIVE;
				GCC_WARN_UNUSED_FUNCTION = YES;
				GCC_WARN_UNUSED_VARIABLE = YES;
				IPHONEOS_DEPLOYMENT_TARGET = 16.4;
				MTL_ENABLE_DEBUG_INFO = INCLUDE_SOURCE;
				MTL_FAST_MATH = YES;
				ONLY_ACTIVE_ARCH = YES;
				SDKROOT = iphoneos;
				SWIFT_ACTIVE_COMPILATION_CONDITIONS = DEBUG;
				SWIFT_OPTIMIZATION_LEVEL = "-Onone";
			};
			name = Debug;
		};
		667F38432B5EF1C100643BA8 /* Release */ = {
			isa = XCBuildConfiguration;
			buildSettings = {
				ALWAYS_SEARCH_USER_PATHS = NO;
				CLANG_ANALYZER_NONNULL = YES;
				CLANG_ANALYZER_NUMBER_OBJECT_CONVERSION = YES_AGGRESSIVE;
				CLANG_CXX_LANGUAGE_STANDARD = "gnu++20";
				CLANG_ENABLE_MODULES = YES;
				CLANG_ENABLE_OBJC_ARC = YES;
				CLANG_ENABLE_OBJC_WEAK = YES;
				CLANG_WARN_BLOCK_CAPTURE_AUTORELEASING = YES;
				CLANG_WARN_BOOL_CONVERSION = YES;
				CLANG_WARN_COMMA = YES;
				CLANG_WARN_CONSTANT_CONVERSION = YES;
				CLANG_WARN_DEPRECATED_OBJC_IMPLEMENTATIONS = YES;
				CLANG_WARN_DIRECT_OBJC_ISA_USAGE = YES_ERROR;
				CLANG_WARN_DOCUMENTATION_COMMENTS = YES;
				CLANG_WARN_EMPTY_BODY = YES;
				CLANG_WARN_ENUM_CONVERSION = YES;
				CLANG_WARN_INFINITE_RECURSION = YES;
				CLANG_WARN_INT_CONVERSION = YES;
				CLANG_WARN_NON_LITERAL_NULL_CONVERSION = YES;
				CLANG_WARN_OBJC_IMPLICIT_RETAIN_SELF = YES;
				CLANG_WARN_OBJC_LITERAL_CONVERSION = YES;
				CLANG_WARN_OBJC_ROOT_CLASS = YES_ERROR;
				CLANG_WARN_QUOTED_INCLUDE_IN_FRAMEWORK_HEADER = YES;
				CLANG_WARN_RANGE_LOOP_ANALYSIS = YES;
				CLANG_WARN_STRICT_PROTOTYPES = YES;
				CLANG_WARN_SUSPICIOUS_MOVE = YES;
				CLANG_WARN_UNGUARDED_AVAILABILITY = YES_AGGRESSIVE;
				CLANG_WARN_UNREACHABLE_CODE = YES;
				CLANG_WARN__DUPLICATE_METHOD_MATCH = YES;
				COPY_PHASE_STRIP = NO;
				DEBUG_INFORMATION_FORMAT = "dwarf-with-dsym";
				ENABLE_NS_ASSERTIONS = NO;
				ENABLE_STRICT_OBJC_MSGSEND = YES;
				GCC_C_LANGUAGE_STANDARD = gnu11;
				GCC_NO_COMMON_BLOCKS = YES;
				GCC_WARN_64_TO_32_BIT_CONVERSION = YES;
				GCC_WARN_ABOUT_RETURN_TYPE = YES_ERROR;
				GCC_WARN_UNDECLARED_SELECTOR = YES;
				GCC_WARN_UNINITIALIZED_AUTOS = YES_AGGRESSIVE;
				GCC_WARN_UNUSED_FUNCTION = YES;
				GCC_WARN_UNUSED_VARIABLE = YES;
				IPHONEOS_DEPLOYMENT_TARGET = 16.4;
				MTL_ENABLE_DEBUG_INFO = NO;
				MTL_FAST_MATH = YES;
				SDKROOT = iphoneos;
				SWIFT_COMPILATION_MODE = wholemodule;
				SWIFT_OPTIMIZATION_LEVEL = "-O";
				VALIDATE_PRODUCT = YES;
			};
			name = Release;
		};
		667F38452B5EF1C100643BA8 /* Debug */ = {
			isa = XCBuildConfiguration;
			buildSettings = {
				ASSETCATALOG_COMPILER_APPICON_NAME = AppIcon;
				ASSETCATALOG_COMPILER_GLOBAL_ACCENT_COLOR_NAME = AccentColor;
				CODE_SIGN_STYLE = Automatic;
				CURRENT_PROJECT_VERSION = 1;
				DEVELOPMENT_ASSET_PATHS = "\"Week Three SwiftUI Tutorial/Preview Content\"";
				ENABLE_PREVIEWS = YES;
				GENERATE_INFOPLIST_FILE = YES;
				INFOPLIST_KEY_UIApplicationSceneManifest_Generation = YES;
				INFOPLIST_KEY_UIApplicationSupportsIndirectInputEvents = YES;
				INFOPLIST_KEY_UILaunchScreen_Generation = YES;
				INFOPLIST_KEY_UISupportedInterfaceOrientations_iPad = "UIInterfaceOrientationPortrait UIInterfaceOrientationPortraitUpsideDown UIInterfaceOrientationLandscapeLeft UIInterfaceOrientationLandscapeRight";
				INFOPLIST_KEY_UISupportedInterfaceOrientations_iPhone = "UIInterfaceOrientationPortrait UIInterfaceOrientationLandscapeLeft UIInterfaceOrientationLandscapeRight";
				LD_RUNPATH_SEARCH_PATHS = (
					"$(inherited)",
					"@executable_path/Frameworks",
				);
				MARKETING_VERSION = 1.0;
				PRODUCT_BUNDLE_IDENTIFIER = "com.CarsonMcMahan.Week-Three-SwiftUI-Tutorial";
				PRODUCT_NAME = "$(TARGET_NAME)";
				SWIFT_EMIT_LOC_STRINGS = YES;
				SWIFT_VERSION = 5.0;
				TARGETED_DEVICE_FAMILY = "1,2";
			};
			name = Debug;
		};
		667F38462B5EF1C100643BA8 /* Release */ = {
			isa = XCBuildConfiguration;
			buildSettings = {
				ASSETCATALOG_COMPILER_APPICON_NAME = AppIcon;
				ASSETCATALOG_COMPILER_GLOBAL_ACCENT_COLOR_NAME = AccentColor;
				CODE_SIGN_STYLE = Automatic;
				CURRENT_PROJECT_VERSION = 1;
				DEVELOPMENT_ASSET_PATHS = "\"Week Three SwiftUI Tutorial/Preview Content\"";
				ENABLE_PREVIEWS = YES;
				GENERATE_INFOPLIST_FILE = YES;
				INFOPLIST_KEY_UIApplicationSceneManifest_Generation = YES;
				INFOPLIST_KEY_UIApplicationSupportsIndirectInputEvents = YES;
				INFOPLIST_KEY_UILaunchScreen_Generation = YES;
				INFOPLIST_KEY_UISupportedInterfaceOrientations_iPad = "UIInterfaceOrientationPortrait UIInterfaceOrientationPortraitUpsideDown UIInterfaceOrientationLandscapeLeft UIInterfaceOrientationLandscapeRight";
				INFOPLIST_KEY_UISupportedInterfaceOrientations_iPhone = "UIInterfaceOrientationPortrait UIInterfaceOrientationLandscapeLeft UIInterfaceOrientationLandscapeRight";
				LD_RUNPATH_SEARCH_PATHS = (
					"$(inherited)",
					"@executable_path/Frameworks",
				);
				MARKETING_VERSION = 1.0;
				PRODUCT_BUNDLE_IDENTIFIER = "com.CarsonMcMahan.Week-Three-SwiftUI-Tutorial";
				PRODUCT_NAME = "$(TARGET_NAME)";
				SWIFT_EMIT_LOC_STRINGS = YES;
				SWIFT_VERSION = 5.0;
				TARGETED_DEVICE_FAMILY = "1,2";
			};
			name = Release;
		};
		667F38482B5EF1C100643BA8 /* Debug */ = {
			isa = XCBuildConfiguration;
			buildSettings = {
				ALWAYS_EMBED_SWIFT_STANDARD_LIBRARIES = YES;
				BUNDLE_LOADER = "$(TEST_HOST)";
				CODE_SIGN_STYLE = Automatic;
				CURRENT_PROJECT_VERSION = 1;
				GENERATE_INFOPLIST_FILE = YES;
				IPHONEOS_DEPLOYMENT_TARGET = 16.4;
				MARKETING_VERSION = 1.0;
				PRODUCT_BUNDLE_IDENTIFIER = "com.CarsonMcMahan.Week-Three-SwiftUI-TutorialTests";
				PRODUCT_NAME = "$(TARGET_NAME)";
				SWIFT_EMIT_LOC_STRINGS = NO;
				SWIFT_VERSION = 5.0;
				TARGETED_DEVICE_FAMILY = "1,2";
				TEST_HOST = "$(BUILT_PRODUCTS_DIR)/Week Three SwiftUI Tutorial.app/$(BUNDLE_EXECUTABLE_FOLDER_PATH)/Week Three SwiftUI Tutorial";
			};
			name = Debug;
		};
		667F38492B5EF1C100643BA8 /* Release */ = {
			isa = XCBuildConfiguration;
			buildSettings = {
				ALWAYS_EMBED_SWIFT_STANDARD_LIBRARIES = YES;
				BUNDLE_LOADER = "$(TEST_HOST)";
				CODE_SIGN_STYLE = Automatic;
				CURRENT_PROJECT_VERSION = 1;
				GENERATE_INFOPLIST_FILE = YES;
				IPHONEOS_DEPLOYMENT_TARGET = 16.4;
				MARKETING_VERSION = 1.0;
				PRODUCT_BUNDLE_IDENTIFIER = "com.CarsonMcMahan.Week-Three-SwiftUI-TutorialTests";
				PRODUCT_NAME = "$(TARGET_NAME)";
				SWIFT_EMIT_LOC_STRINGS = NO;
				SWIFT_VERSION = 5.0;
				TARGETED_DEVICE_FAMILY = "1,2";
				TEST_HOST = "$(BUILT_PRODUCTS_DIR)/Week Three SwiftUI Tutorial.app/$(BUNDLE_EXECUTABLE_FOLDER_PATH)/Week Three SwiftUI Tutorial";
			};
			name = Release;
		};
		667F384B2B5EF1C100643BA8 /* Debug */ = {
			isa = XCBuildConfiguration;
			buildSettings = {
				ALWAYS_EMBED_SWIFT_STANDARD_LIBRARIES = YES;
				CODE_SIGN_STYLE = Automatic;
				CURRENT_PROJECT_VERSION = 1;
				GENERATE_INFOPLIST_FILE = YES;
				MARKETING_VERSION = 1.0;
				PRODUCT_BUNDLE_IDENTIFIER = "com.CarsonMcMahan.Week-Three-SwiftUI-TutorialUITests";
				PRODUCT_NAME = "$(TARGET_NAME)";
				SWIFT_EMIT_LOC_STRINGS = NO;
				SWIFT_VERSION = 5.0;
				TARGETED_DEVICE_FAMILY = "1,2";
				TEST_TARGET_NAME = "Week Three SwiftUI Tutorial";
			};
			name = Debug;
		};
		667F384C2B5EF1C100643BA8 /* Release */ = {
			isa = XCBuildConfiguration;
			buildSettings = {
				ALWAYS_EMBED_SWIFT_STANDARD_LIBRARIES = YES;
				CODE_SIGN_STYLE = Automatic;
				CURRENT_PROJECT_VERSION = 1;
				GENERATE_INFOPLIST_FILE = YES;
				MARKETING_VERSION = 1.0;
				PRODUCT_BUNDLE_IDENTIFIER = "com.CarsonMcMahan.Week-Three-SwiftUI-TutorialUITests";
				PRODUCT_NAME = "$(TARGET_NAME)";
				SWIFT_EMIT_LOC_STRINGS = NO;
				SWIFT_VERSION = 5.0;
				TARGETED_DEVICE_FAMILY = "1,2";
				TEST_TARGET_NAME = "Week Three SwiftUI Tutorial";
			};
			name = Release;
		};
/* End XCBuildConfiguration section */

/* Begin XCConfigurationList section */
		667F381B2B5EF1AD00643BA8 /* Build configuration list for PBXProject "Week Three SwiftUI Tutorial" */ = {
			isa = XCConfigurationList;
			buildConfigurations = (
				667F38422B5EF1C100643BA8 /* Debug */,
				667F38432B5EF1C100643BA8 /* Release */,
			);
			defaultConfigurationIsVisible = 0;
			defaultConfigurationName = Release;
		};
		667F38442B5EF1C100643BA8 /* Build configuration list for PBXNativeTarget "Week Three SwiftUI Tutorial" */ = {
			isa = XCConfigurationList;
			buildConfigurations = (
				667F38452B5EF1C100643BA8 /* Debug */,
				667F38462B5EF1C100643BA8 /* Release */,
			);
			defaultConfigurationIsVisible = 0;
			defaultConfigurationName = Release;
		};
		667F38472B5EF1C100643BA8 /* Build configuration list for PBXNativeTarget "Week Three SwiftUI TutorialTests" */ = {
			isa = XCConfigurationList;
			buildConfigurations = (
				667F38482B5EF1C100643BA8 /* Debug */,
				667F38492B5EF1C100643BA8 /* Release */,
			);
			defaultConfigurationIsVisible = 0;
			defaultConfigurationName = Release;
		};
		667F384A2B5EF1C100643BA8 /* Build configuration list for PBXNativeTarget "Week Three SwiftUI TutorialUITests" */ = {
			isa = XCConfigurationList;
			buildConfigurations = (
				667F384B2B5EF1C100643BA8 /* Debug */,
				667F384C2B5EF1C100643BA8 /* Release */,
			);
			defaultConfigurationIsVisible = 0;
			defaultConfigurationName = Release;
		};
/* End XCConfigurationList section */
	};
	rootObject = 667F38182B5EF1AD00643BA8 /* Project object */;
}
